
Microsoft Visual Studio Solution File, Format Version 12.00
# Visual Studio Version 17
VisualStudioVersion = 17.10.35013.160
MinimumVisualStudioVersion = 10.0.40219.1
Project("{9A19103F-16F7-4668-BE54-9A1E7A4F7556}") = "DeerBalak", "DeerBalak.csproj", "{783F72C0-7441-46E0-85EB-50D536E21A7C}"
EndProject
Project("{9A19103F-16F7-4668-BE54-9A1E7A4F7556}") = "Deerbalak.Data", "..\Deerbalak.Data\Deerbalak.Data.csproj", "{EB7F23FA-20E7-4CDE-92BB-205AD5DE9E87}"
EndProject
Global
	GlobalSection(SolutionConfigurationPlatforms) = preSolution
		Debug|Any CPU = Debug|Any CPU
		Release|Any CPU = Release|Any CPU
	EndGlobalSection
	GlobalSection(ProjectConfigurationPlatforms) = postSolution
		{783F72C0-7441-46E0-85EB-50D536E21A7C}.Debug|Any CPU.ActiveCfg = Debug|Any CPU
		{783F72C0-7441-46E0-85EB-50D536E21A7C}.Debug|Any CPU.Build.0 = Debug|Any CPU
		{783F72C0-7441-46E0-85EB-50D536E21A7C}.Release|Any CPU.ActiveCfg = Release|Any CPU
		{783F72C0-7441-46E0-85EB-50D536E21A7C}.Release|Any CPU.Build.0 = Release|Any CPU
		{EB7F23FA-20E7-4CDE-92BB-205AD5DE9E87}.Debug|Any CPU.ActiveCfg = Debug|Any CPU
		{EB7F23FA-20E7-4CDE-92BB-205AD5DE9E87}.Debug|Any CPU.Build.0 = Debug|Any CPU
		{EB7F23FA-20E7-4CDE-92BB-205AD5DE9E87}.Release|Any CPU.ActiveCfg = Release|Any CPU
		{EB7F23FA-20E7-4CDE-92BB-205AD5DE9E87}.Release|Any CPU.Build.0 = Release|Any CPU
	EndGlobalSection
	GlobalSection(SolutionProperties) = preSolution
		HideSolutionNode = FALSE
	EndGlobalSection
	GlobalSection(ExtensibilityGlobals) = postSolution
		SolutionGuid = {854A844B-467B-4D63-9BB9-FC50DBAE8575}
	EndGlobalSection
EndGlobal
